// !$*UTF8*$!
{
	archiveVersion = 1;
	classes = {
	};
	objectVersion = 56;
	objects = {

/* Begin PBXBuildFile section */
		16BBC54B2A8F8E5300CB60F0 /* AppDelegate.swift in Sources */ = {isa = PBXBuildFile; fileRef = 16BBC54A2A8F8E5300CB60F0 /* AppDelegate.swift */; };
		16BBC54D2A8F8E5300CB60F0 /* SceneDelegate.swift in Sources */ = {isa = PBXBuildFile; fileRef = 16BBC54C2A8F8E5300CB60F0 /* SceneDelegate.swift */; };
		16BBC54F2A8F8E5300CB60F0 /* ViewController.swift in Sources */ = {isa = PBXBuildFile; fileRef = 16BBC54E2A8F8E5300CB60F0 /* ViewController.swift */; };
		16BBC5522A8F8E5300CB60F0 /* Main.storyboard in Resources */ = {isa = PBXBuildFile; fileRef = 16BBC5502A8F8E5300CB60F0 /* Main.storyboard */; };
		16BBC5542A8F8E5500CB60F0 /* Assets.xcassets in Resources */ = {isa = PBXBuildFile; fileRef = 16BBC5532A8F8E5500CB60F0 /* Assets.xcassets */; };
		16BBC5572A8F8E5500CB60F0 /* LaunchScreen.storyboard in Resources */ = {isa = PBXBuildFile; fileRef = 16BBC5552A8F8E5500CB60F0 /* LaunchScreen.storyboard */; };
		16BBC55F2A8F8F0F00CB60F0 /* Songs.swift in Sources */ = {isa = PBXBuildFile; fileRef = 16BBC55E2A8F8F0F00CB60F0 /* Songs.swift */; };
		16BBC5612A8F8F3200CB60F0 /* SongsTableViewCell.swift in Sources */ = {isa = PBXBuildFile; fileRef = 16BBC5602A8F8F3200CB60F0 /* SongsTableViewCell.swift */; };
		16BBC5632A8F8FA600CB60F0 /* APIRegisterViewController.swift in Sources */ = {isa = PBXBuildFile; fileRef = 16BBC5622A8F8FA600CB60F0 /* APIRegisterViewController.swift */; };
		16BBC5652A8F8FF200CB60F0 /* APILoginViewController.swift in Sources */ = {isa = PBXBuildFile; fileRef = 16BBC5642A8F8FF200CB60F0 /* APILoginViewController.swift */; };
		16BBC5672A8F907E00CB60F0 /* APICRUDViewController.swift in Sources */ = {isa = PBXBuildFile; fileRef = 16BBC5662A8F907E00CB60F0 /* APICRUDViewController.swift */; };
		16BBC5692A8F93E200CB60F0 /* AddEditAPICRUDViewController.swift in Sources */ = {isa = PBXBuildFile; fileRef = 16BBC5682A8F93E200CB60F0 /* AddEditAPICRUDViewController.swift */; };
/* End PBXBuildFile section */

/* Begin PBXFileReference section */
		16BBC5472A8F8E5300CB60F0 /* MDEV1004-FinalTestiOS.app */ = {isa = PBXFileReference; explicitFileType = wrapper.application; includeInIndex = 0; path = "MDEV1004-FinalTestiOS.app"; sourceTree = BUILT_PRODUCTS_DIR; };
		16BBC54A2A8F8E5300CB60F0 /* AppDelegate.swift */ = {isa = PBXFileReference; lastKnownFileType = sourcecode.swift; path = AppDelegate.swift; sourceTree = "<group>"; };
		16BBC54C2A8F8E5300CB60F0 /* SceneDelegate.swift */ = {isa = PBXFileReference; lastKnownFileType = sourcecode.swift; path = SceneDelegate.swift; sourceTree = "<group>"; };
		16BBC54E2A8F8E5300CB60F0 /* ViewController.swift */ = {isa = PBXFileReference; lastKnownFileType = sourcecode.swift; path = ViewController.swift; sourceTree = "<group>"; };
		16BBC5512A8F8E5300CB60F0 /* Base */ = {isa = PBXFileReference; lastKnownFileType = file.storyboard; name = Base; path = Base.lproj/Main.storyboard; sourceTree = "<group>"; };
		16BBC5532A8F8E5500CB60F0 /* Assets.xcassets */ = {isa = PBXFileReference; lastKnownFileType = folder.assetcatalog; path = Assets.xcassets; sourceTree = "<group>"; };
		16BBC5562A8F8E5500CB60F0 /* Base */ = {isa = PBXFileReference; lastKnownFileType = file.storyboard; name = Base; path = Base.lproj/LaunchScreen.storyboard; sourceTree = "<group>"; };
		16BBC5582A8F8E5500CB60F0 /* Info.plist */ = {isa = PBXFileReference; lastKnownFileType = text.plist.xml; path = Info.plist; sourceTree = "<group>"; };
		16BBC55E2A8F8F0F00CB60F0 /* Songs.swift */ = {isa = PBXFileReference; lastKnownFileType = sourcecode.swift; path = Songs.swift; sourceTree = "<group>"; };
		16BBC5602A8F8F3200CB60F0 /* SongsTableViewCell.swift */ = {isa = PBXFileReference; lastKnownFileType = sourcecode.swift; path = SongsTableViewCell.swift; sourceTree = "<group>"; };
		16BBC5622A8F8FA600CB60F0 /* APIRegisterViewController.swift */ = {isa = PBXFileReference; lastKnownFileType = sourcecode.swift; path = APIRegisterViewController.swift; sourceTree = "<group>"; };
		16BBC5642A8F8FF200CB60F0 /* APILoginViewController.swift */ = {isa = PBXFileReference; lastKnownFileType = sourcecode.swift; path = APILoginViewController.swift; sourceTree = "<group>"; };
		16BBC5662A8F907E00CB60F0 /* APICRUDViewController.swift */ = {isa = PBXFileReference; lastKnownFileType = sourcecode.swift; path = APICRUDViewController.swift; sourceTree = "<group>"; };
		16BBC5682A8F93E200CB60F0 /* AddEditAPICRUDViewController.swift */ = {isa = PBXFileReference; lastKnownFileType = sourcecode.swift; path = AddEditAPICRUDViewController.swift; sourceTree = "<group>"; };
/* End PBXFileReference section */

/* Begin PBXFrameworksBuildPhase section */
		16BBC5442A8F8E5300CB60F0 /* Frameworks */ = {
			isa = PBXFrameworksBuildPhase;
			buildActionMask = 2147483647;
			files = (
			);
			runOnlyForDeploymentPostprocessing = 0;
		};
/* End PBXFrameworksBuildPhase section */

/* Begin PBXGroup section */
		16BBC53E2A8F8E5300CB60F0 = {
			isa = PBXGroup;
			children = (
				16BBC5492A8F8E5300CB60F0 /* MDEV1004-FinalTestiOS */,
				16BBC5482A8F8E5300CB60F0 /* Products */,
			);
			sourceTree = "<group>";
		};
		16BBC5482A8F8E5300CB60F0 /* Products */ = {
			isa = PBXGroup;
			children = (
				16BBC5472A8F8E5300CB60F0 /* MDEV1004-FinalTestiOS.app */,
			);
			name = Products;
			sourceTree = "<group>";
		};
		16BBC5492A8F8E5300CB60F0 /* MDEV1004-FinalTestiOS */ = {
			isa = PBXGroup;
			children = (
				16BBC54A2A8F8E5300CB60F0 /* AppDelegate.swift */,
				16BBC54C2A8F8E5300CB60F0 /* SceneDelegate.swift */,
				16BBC54E2A8F8E5300CB60F0 /* ViewController.swift */,
				16BBC5502A8F8E5300CB60F0 /* Main.storyboard */,
				16BBC5532A8F8E5500CB60F0 /* Assets.xcassets */,
				16BBC5552A8F8E5500CB60F0 /* LaunchScreen.storyboard */,
				16BBC5582A8F8E5500CB60F0 /* Info.plist */,
				16BBC55E2A8F8F0F00CB60F0 /* Songs.swift */,
				16BBC5602A8F8F3200CB60F0 /* SongsTableViewCell.swift */,
				16BBC5622A8F8FA600CB60F0 /* APIRegisterViewController.swift */,
				16BBC5642A8F8FF200CB60F0 /* APILoginViewController.swift */,
				16BBC5662A8F907E00CB60F0 /* APICRUDViewController.swift */,
				16BBC5682A8F93E200CB60F0 /* AddEditAPICRUDViewController.swift */,
			);
			path = "MDEV1004-FinalTestiOS";
			sourceTree = "<group>";
		};
/* End PBXGroup section */

/* Begin PBXNativeTarget section */
		16BBC5462A8F8E5300CB60F0 /* MDEV1004-FinalTestiOS */ = {
			isa = PBXNativeTarget;
			buildConfigurationList = 16BBC55B2A8F8E5500CB60F0 /* Build configuration list for PBXNativeTarget "MDEV1004-FinalTestiOS" */;
			buildPhases = (
				16BBC5432A8F8E5300CB60F0 /* Sources */,
				16BBC5442A8F8E5300CB60F0 /* Frameworks */,
				16BBC5452A8F8E5300CB60F0 /* Resources */,
			);
			buildRules = (
			);
			dependencies = (
			);
			name = "MDEV1004-FinalTestiOS";
			productName = "MDEV1004-FinalTestiOS";
			productReference = 16BBC5472A8F8E5300CB60F0 /* MDEV1004-FinalTestiOS.app */;
			productType = "com.apple.product-type.application";
		};
/* End PBXNativeTarget section */

/* Begin PBXProject section */
		16BBC53F2A8F8E5300CB60F0 /* Project object */ = {
			isa = PBXProject;
			attributes = {
				BuildIndependentTargetsInParallel = 1;
				LastSwiftUpdateCheck = 1420;
				LastUpgradeCheck = 1420;
				TargetAttributes = {
					16BBC5462A8F8E5300CB60F0 = {
						CreatedOnToolsVersion = 14.2;
					};
				};
			};
			buildConfigurationList = 16BBC5422A8F8E5300CB60F0 /* Build configuration list for PBXProject "MDEV1004-FinalTestiOS" */;
			compatibilityVersion = "Xcode 14.0";
			developmentRegion = en;
			hasScannedForEncodings = 0;
			knownRegions = (
				en,
				Base,
			);
			mainGroup = 16BBC53E2A8F8E5300CB60F0;
			productRefGroup = 16BBC5482A8F8E5300CB60F0 /* Products */;
			projectDirPath = "";
			projectRoot = "";
			targets = (
				16BBC5462A8F8E5300CB60F0 /* MDEV1004-FinalTestiOS */,
			);
		};
/* End PBXProject section */

/* Begin PBXResourcesBuildPhase section */
		16BBC5452A8F8E5300CB60F0 /* Resources */ = {
			isa = PBXResourcesBuildPhase;
			buildActionMask = 2147483647;
			files = (
				16BBC5572A8F8E5500CB60F0 /* LaunchScreen.storyboard in Resources */,
				16BBC5542A8F8E5500CB60F0 /* Assets.xcassets in Resources */,
				16BBC5522A8F8E5300CB60F0 /* Main.storyboard in Resources */,
			);
			runOnlyForDeploymentPostprocessing = 0;
		};
/* End PBXResourcesBuildPhase section */

/* Begin PBXSourcesBuildPhase section */
		16BBC5432A8F8E5300CB60F0 /* Sources */ = {
			isa = PBXSourcesBuildPhase;
			buildActionMask = 2147483647;
			files = (
				16BBC5612A8F8F3200CB60F0 /* SongsTableViewCell.swift in Sources */,
				16BBC55F2A8F8F0F00CB60F0 /* Songs.swift in Sources */,
				16BBC5632A8F8FA600CB60F0 /* APIRegisterViewController.swift in Sources */,
				16BBC54F2A8F8E5300CB60F0 /* ViewController.swift in Sources */,
				16BBC54B2A8F8E5300CB60F0 /* AppDelegate.swift in Sources */,
				16BBC5672A8F907E00CB60F0 /* APICRUDViewController.swift in Sources */,
				16BBC5692A8F93E200CB60F0 /* AddEditAPICRUDViewController.swift in Sources */,
				16BBC54D2A8F8E5300CB60F0 /* SceneDelegate.swift in Sources */,
				16BBC5652A8F8FF200CB60F0 /* APILoginViewController.swift in Sources */,
			);
			runOnlyForDeploymentPostprocessing = 0;
		};
/* End PBXSourcesBuildPhase section */

/* Begin PBXVariantGroup section */
		16BBC5502A8F8E5300CB60F0 /* Main.storyboard */ = {
			isa = PBXVariantGroup;
			children = (
				16BBC5512A8F8E5300CB60F0 /* Base */,
			);
			name = Main.storyboard;
			sourceTree = "<group>";
		};
		16BBC5552A8F8E5500CB60F0 /* LaunchScreen.storyboard */ = {
			isa = PBXVariantGroup;
			children = (
				16BBC5562A8F8E5500CB60F0 /* Base */,
			);
			name = LaunchScreen.storyboard;
			sourceTree = "<group>";
		};
/* End PBXVariantGroup section */

/* Begin XCBuildConfiguration section */
		16BBC5592A8F8E5500CB60F0 /* Debug */ = {
			isa = XCBuildConfiguration;
			buildSettings = {
				ALWAYS_SEARCH_USER_PATHS = NO;
				CLANG_ANALYZER_NONNULL = YES;
				CLANG_ANALYZER_NUMBER_OBJECT_CONVERSION = YES_AGGRESSIVE;
				CLANG_CXX_LANGUAGE_STANDARD = "gnu++20";
				CLANG_ENABLE_MODULES = YES;
				CLANG_ENABLE_OBJC_ARC = YES;
				CLANG_ENABLE_OBJC_WEAK = YES;
				CLANG_WARN_BLOCK_CAPTURE_AUTORELEASING = YES;
				CLANG_WARN_BOOL_CONVERSION = YES;
				CLANG_WARN_COMMA = YES;
				CLANG_WARN_CONSTANT_CONVERSION = YES;
				CLANG_WARN_DEPRECATED_OBJC_IMPLEMENTATIONS = YES;
				CLANG_WARN_DIRECT_OBJC_ISA_USAGE = YES_ERROR;
				CLANG_WARN_DOCUMENTATION_COMMENTS = YES;
				CLANG_WARN_EMPTY_BODY = YES;
				CLANG_WARN_ENUM_CONVERSION = YES;
				CLANG_WARN_INFINITE_RECURSION = YES;
				CLANG_WARN_INT_CONVERSION = YES;
				CLANG_WARN_NON_LITERAL_NULL_CONVERSION = YES;
				CLANG_WARN_OBJC_IMPLICIT_RETAIN_SELF = YES;
				CLANG_WARN_OBJC_LITERAL_CONVERSION = YES;
				CLANG_WARN_OBJC_ROOT_CLASS = YES_ERROR;
				CLANG_WARN_QUOTED_INCLUDE_IN_FRAMEWORK_HEADER = YES;
				CLANG_WARN_RANGE_LOOP_ANALYSIS = YES;
				CLANG_WARN_STRICT_PROTOTYPES = YES;
				CLANG_WARN_SUSPICIOUS_MOVE = YES;
				CLANG_WARN_UNGUARDED_AVAILABILITY = YES_AGGRESSIVE;
				CLANG_WARN_UNREACHABLE_CODE = YES;
				CLANG_WARN__DUPLICATE_METHOD_MATCH = YES;
				COPY_PHASE_STRIP = NO;
				DEBUG_INFORMATION_FORMAT = dwarf;
				ENABLE_STRICT_OBJC_MSGSEND = YES;
				ENABLE_TESTABILITY = YES;
				GCC_C_LANGUAGE_STANDARD = gnu11;
				GCC_DYNAMIC_NO_PIC = NO;
				GCC_NO_COMMON_BLOCKS = YES;
				GCC_OPTIMIZATION_LEVEL = 0;
				GCC_PREPROCESSOR_DEFINITIONS = (
					"DEBUG=1",
					"$(inherited)",
				);
				GCC_WARN_64_TO_32_BIT_CONVERSION = YES;
				GCC_WARN_ABOUT_RETURN_TYPE = YES_ERROR;
				GCC_WARN_UNDECLARED_SELECTOR = YES;
				GCC_WARN_UNINITIALIZED_AUTOS = YES_AGGRESSIVE;
				GCC_WARN_UNUSED_FUNCTION = YES;
				GCC_WARN_UNUSED_VARIABLE = YES;
				IPHONEOS_DEPLOYMENT_TARGET = 16.2;
				MTL_ENABLE_DEBUG_INFO = INCLUDE_SOURCE;
				MTL_FAST_MATH = YES;
				ONLY_ACTIVE_ARCH = YES;
				SDKROOT = iphoneos;
				SWIFT_ACTIVE_COMPILATION_CONDITIONS = DEBUG;
				SWIFT_OPTIMIZATION_LEVEL = "-Onone";
			};
			name = Debug;
		};
		16BBC55A2A8F8E5500CB60F0 /* Release */ = {
			isa = XCBuildConfiguration;
			buildSettings = {
				ALWAYS_SEARCH_USER_PATHS = NO;
				CLANG_ANALYZER_NONNULL = YES;
				CLANG_ANALYZER_NUMBER_OBJECT_CONVERSION = YES_AGGRESSIVE;
				CLANG_CXX_LANGUAGE_STANDARD = "gnu++20";
				CLANG_ENABLE_MODULES = YES;
				CLANG_ENABLE_OBJC_ARC = YES;
				CLANG_ENABLE_OBJC_WEAK = YES;
				CLANG_WARN_BLOCK_CAPTURE_AUTORELEASING = YES;
				CLANG_WARN_BOOL_CONVERSION = YES;
				CLANG_WARN_COMMA = YES;
				CLANG_WARN_CONSTANT_CONVERSION = YES;
				CLANG_WARN_DEPRECATED_OBJC_IMPLEMENTATIONS = YES;
				CLANG_WARN_DIRECT_OBJC_ISA_USAGE = YES_ERROR;
				CLANG_WARN_DOCUMENTATION_COMMENTS = YES;
				CLANG_WARN_EMPTY_BODY = YES;
				CLANG_WARN_ENUM_CONVERSION = YES;
				CLANG_WARN_INFINITE_RECURSION = YES;
				CLANG_WARN_INT_CONVERSION = YES;
				CLANG_WARN_NON_LITERAL_NULL_CONVERSION = YES;
				CLANG_WARN_OBJC_IMPLICIT_RETAIN_SELF = YES;
				CLANG_WARN_OBJC_LITERAL_CONVERSION = YES;
				CLANG_WARN_OBJC_ROOT_CLASS = YES_ERROR;
				CLANG_WARN_QUOTED_INCLUDE_IN_FRAMEWORK_HEADER = YES;
				CLANG_WARN_RANGE_LOOP_ANALYSIS = YES;
				CLANG_WARN_STRICT_PROTOTYPES = YES;
				CLANG_WARN_SUSPICIOUS_MOVE = YES;
				CLANG_WARN_UNGUARDED_AVAILABILITY = YES_AGGRESSIVE;
				CLANG_WARN_UNREACHABLE_CODE = YES;
				CLANG_WARN__DUPLICATE_METHOD_MATCH = YES;
				COPY_PHASE_STRIP = NO;
				DEBUG_INFORMATION_FORMAT = "dwarf-with-dsym";
				ENABLE_NS_ASSERTIONS = NO;
				ENABLE_STRICT_OBJC_MSGSEND = YES;
				GCC_C_LANGUAGE_STANDARD = gnu11;
				GCC_NO_COMMON_BLOCKS = YES;
				GCC_WARN_64_TO_32_BIT_CONVERSION = YES;
				GCC_WARN_ABOUT_RETURN_TYPE = YES_ERROR;
				GCC_WARN_UNDECLARED_SELECTOR = YES;
				GCC_WARN_UNINITIALIZED_AUTOS = YES_AGGRESSIVE;
				GCC_WARN_UNUSED_FUNCTION = YES;
				GCC_WARN_UNUSED_VARIABLE = YES;
				IPHONEOS_DEPLOYMENT_TARGET = 16.2;
				MTL_ENABLE_DEBUG_INFO = NO;
				MTL_FAST_MATH = YES;
				SDKROOT = iphoneos;
				SWIFT_COMPILATION_MODE = wholemodule;
				SWIFT_OPTIMIZATION_LEVEL = "-O";
				VALIDATE_PRODUCT = YES;
			};
			name = Release;
		};
		16BBC55C2A8F8E5500CB60F0 /* Debug */ = {
			isa = XCBuildConfiguration;
			buildSettings = {
				ASSETCATALOG_COMPILER_APPICON_NAME = AppIcon;
				ASSETCATALOG_COMPILER_GLOBAL_ACCENT_COLOR_NAME = AccentColor;
				CODE_SIGN_STYLE = Automatic;
				CURRENT_PROJECT_VERSION = 1;
				GENERATE_INFOPLIST_FILE = YES;
				INFOPLIST_FILE = "MDEV1004-FinalTestiOS/Info.plist";
				INFOPLIST_KEY_UIApplicationSupportsIndirectInputEvents = YES;
				INFOPLIST_KEY_UILaunchStoryboardName = LaunchScreen;
				INFOPLIST_KEY_UIMainStoryboardFile = Main;
				INFOPLIST_KEY_UISupportedInterfaceOrientations_iPad = "UIInterfaceOrientationPortrait UIInterfaceOrientationPortraitUpsideDown UIInterfaceOrientationLandscapeLeft UIInterfaceOrientationLandscapeRight";
				INFOPLIST_KEY_UISupportedInterfaceOrientations_iPhone = "UIInterfaceOrientationPortrait UIInterfaceOrientationLandscapeLeft UIInterfaceOrientationLandscapeRight";
				LD_RUNPATH_SEARCH_PATHS = (
					"$(inherited)",
					"@executable_path/Frameworks",
				);
				MARKETING_VERSION = 1.0;
				PRODUCT_BUNDLE_IDENTIFIER = "ca.georgian.Khushi-shukla.MDEV1004-FinalTestiOS";
				PRODUCT_NAME = "$(TARGET_NAME)";
				SUPPORTED_PLATFORMS = "iphoneos iphonesimulator";
				SUPPORTS_MACCATALYST = NO;
				SUPPORTS_MAC_DESIGNED_FOR_IPHONE_IPAD = NO;
				SWIFT_EMIT_LOC_STRINGS = YES;
				SWIFT_VERSION = 5.0;
				TARGETED_DEVICE_FAMILY = 1;
			};
			name = Debug;
		};
		16BBC55D2A8F8E5500CB60F0 /* Release */ = {
			isa = XCBuildConfiguration;
			buildSettings = {
				ASSETCATALOG_COMPILER_APPICON_NAME = AppIcon;
				ASSETCATALOG_COMPILER_GLOBAL_ACCENT_COLOR_NAME = AccentColor;
				CODE_SIGN_STYLE = Automatic;
				CURRENT_PROJECT_VERSION = 1;
				GENERATE_INFOPLIST_FILE = YES;
				INFOPLIST_FILE = "MDEV1004-FinalTestiOS/Info.plist";
				INFOPLIST_KEY_UIApplicationSupportsIndirectInputEvents = YES;
				INFOPLIST_KEY_UILaunchStoryboardName = LaunchScreen;
				INFOPLIST_KEY_UIMainStoryboardFile = Main;
				INFOPLIST_KEY_UISupportedInterfaceOrientations_iPad = "UIInterfaceOrientationPortrait UIInterfaceOrientationPortraitUpsideDown UIInterfaceOrientationLandscapeLeft UIInterfaceOrientationLandscapeRight";
				INFOPLIST_KEY_UISupportedInterfaceOrientations_iPhone = "UIInterfaceOrientationPortrait UIInterfaceOrientationLandscapeLeft UIInterfaceOrientationLandscapeRight";
				LD_RUNPATH_SEARCH_PATHS = (
					"$(inherited)",
					"@executable_path/Frameworks",
				);
				MARKETING_VERSION = 1.0;
				PRODUCT_BUNDLE_IDENTIFIER = "ca.georgian.Khushi-shukla.MDEV1004-FinalTestiOS";
				PRODUCT_NAME = "$(TARGET_NAME)";
				SUPPORTED_PLATFORMS = "iphoneos iphonesimulator";
				SUPPORTS_MACCATALYST = NO;
				SUPPORTS_MAC_DESIGNED_FOR_IPHONE_IPAD = NO;
				SWIFT_EMIT_LOC_STRINGS = YES;
				SWIFT_VERSION = 5.0;
				TARGETED_DEVICE_FAMILY = 1;
			};
			name = Release;
		};
/* End XCBuildConfiguration section */

/* Begin XCConfigurationList section */
		16BBC5422A8F8E5300CB60F0 /* Build configuration list for PBXProject "MDEV1004-FinalTestiOS" */ = {
			isa = XCConfigurationList;
			buildConfigurations = (
				16BBC5592A8F8E5500CB60F0 /* Debug */,
				16BBC55A2A8F8E5500CB60F0 /* Release */,
			);
			defaultConfigurationIsVisible = 0;
			defaultConfigurationName = Release;
		};
		16BBC55B2A8F8E5500CB60F0 /* Build configuration list for PBXNativeTarget "MDEV1004-FinalTestiOS" */ = {
			isa = XCConfigurationList;
			buildConfigurations = (
				16BBC55C2A8F8E5500CB60F0 /* Debug */,
				16BBC55D2A8F8E5500CB60F0 /* Release */,
			);
			defaultConfigurationIsVisible = 0;
			defaultConfigurationName = Release;
		};
/* End XCConfigurationList section */
	};
	rootObject = 16BBC53F2A8F8E5300CB60F0 /* Project object */;
}
